{
  "name": "dxf-parse",
  "version": "1.0.0",
  "lockfileVersion": 2,
  "requires": true,
  "packages": {
    "": {
      "name": "dxf-parse",
      "version": "1.0.0",
      "license": "ISC",
      "dependencies": {
        "dxf": "^4.6.3",
        "pts": "^0.10.11"
      }
    },
    "node_modules/commander": {
      "version": "2.20.3",
      "resolved": "https://registry.npmjs.org/commander/-/commander-2.20.3.tgz",
      "integrity": "sha512-GpVkmM8vF2vQUkj2LvZmD35JxeJOLCwJ9cUkugyk2nuhbv3+mJvpLYYt+0+USMxE+oj+ey/lJEnhZw75x/OMcQ=="
    },
    "node_modules/dxf": {
      "version": "4.6.3",
      "resolved": "https://registry.npmjs.org/dxf/-/dxf-4.6.3.tgz",
      "integrity": "sha512-cnApNcEn7bFLe93Px+F68R5Bj2MO3Bvc8xO/CD3LC8iw3PE0iGRsf3L44jIundgExQPuacF580jhImgND05DhQ==",
      "dependencies": {
        "commander": "^2.20.3",
        "lodash": "^4.17.15",
        "vecks": "^3.9.0"
      },
      "bin": {
        "dxf-to-svg": "lib/cli.js"
      },
      "engines": {
        "node": ">=8.9.0"
      }
    },
    "node_modules/lodash": {
      "version": "4.17.21",
      "resolved": "https://registry.npmjs.org/lodash/-/lodash-4.17.21.tgz",
      "integrity": "sha512-v2kDEe57lecTulaDIuNTPy3Ry4gLGJ6Z1O3vE1krgXZNrsQ+LFTGHVxVjcXPs17LhbZVGedAJv8XZ1tvj5FvSg=="
    },
    "node_modules/pts": {
      "version": "0.10.12",
      "resolved": "https://registry.npmjs.org/pts/-/pts-0.10.12.tgz",
      "integrity": "sha512-kTBupxp7B/sW/iiOjqhiJ9artcvhw3KXtMzdy8zCAX0zwDPHPBoSqPUvoCpRZmdu8jtRBwQV/eE0HzoHU3NyYQ=="
    },
    "node_modules/vecks": {
      "version": "3.9.2",
      "resolved": "https://registry.npmjs.org/vecks/-/vecks-3.9.2.tgz",
      "integrity": "sha512-ubOo1KoOrPu3llYmlE4SH60JWcR+YDaObP+1Kzpbcl09dKIf0fbBweW8Xyg+6Nk2Rrnyit6Jxw9bx2LOYpMQMA=="
    }
  },
  "dependencies": {
    "commander": {
      "version": "2.20.3",
      "resolved": "https://registry.npmjs.org/commander/-/commander-2.20.3.tgz",
      "integrity": "sha512-GpVkmM8vF2vQUkj2LvZmD35JxeJOLCwJ9cUkugyk2nuhbv3+mJvpLYYt+0+USMxE+oj+ey/lJEnhZw75x/OMcQ=="
    },
    "dxf": {
      "version": "4.6.3",
      "resolved": "https://registry.npmjs.org/dxf/-/dxf-4.6.3.tgz",
      "integrity": "sha512-cnApNcEn7bFLe93Px+F68R5Bj2MO3Bvc8xO/CD3LC8iw3PE0iGRsf3L44jIundgExQPuacF580jhImgND05DhQ==",
      "requires": {
        "commander": "^2.20.3",
        "lodash": "^4.17.15",
        "vecks": "^3.9.0"
      }
    },
    "lodash": {
      "version": "4.17.21",
      "resolved": "https://registry.npmjs.org/lodash/-/lodash-4.17.21.tgz",
      "integrity": "sha512-v2kDEe57lecTulaDIuNTPy3Ry4gLGJ6Z1O3vE1krgXZNrsQ+LFTGHVxVjcXPs17LhbZVGedAJv8XZ1tvj5FvSg=="
    },
    "pts": {
      "version": "0.10.12",
      "resolved": "https://registry.npmjs.org/pts/-/pts-0.10.12.tgz",
      "integrity": "sha512-kTBupxp7B/sW/iiOjqhiJ9artcvhw3KXtMzdy8zCAX0zwDPHPBoSqPUvoCpRZmdu8jtRBwQV/eE0HzoHU3NyYQ=="
    },
    "vecks": {
      "version": "3.9.2",
      "resolved": "https://registry.npmjs.org/vecks/-/vecks-3.9.2.tgz",
      "integrity": "sha512-ubOo1KoOrPu3llYmlE4SH60JWcR+YDaObP+1Kzpbcl09dKIf0fbBweW8Xyg+6Nk2Rrnyit6Jxw9bx2LOYpMQMA=="
    }
  }
}
